// !$*UTF8*$!
{
	archiveVersion = 1;
	classes = {
	};
	objectVersion = 56;
	objects = {

/* Begin PBXBuildFile section */
		C3161957296DF22D00005CBC /* AppDelegate.swift in Sources */ = {isa = PBXBuildFile; fileRef = C3161956296DF22D00005CBC /* AppDelegate.swift */; };
		C316195B296DF22D00005CBC /* MainVC.swift in Sources */ = {isa = PBXBuildFile; fileRef = C316195A296DF22D00005CBC /* MainVC.swift */; };
		C316195E296DF22D00005CBC /* Main.storyboard in Resources */ = {isa = PBXBuildFile; fileRef = C316195C296DF22D00005CBC /* Main.storyboard */; };
		C3161960296DF22F00005CBC /* Assets.xcassets in Resources */ = {isa = PBXBuildFile; fileRef = C316195F296DF22F00005CBC /* Assets.xcassets */; };
		C3161963296DF22F00005CBC /* LaunchScreen.storyboard in Resources */ = {isa = PBXBuildFile; fileRef = C3161961296DF22F00005CBC /* LaunchScreen.storyboard */; };
		C3161973296DF60600005CBC /* NetworkManager.swift in Sources */ = {isa = PBXBuildFile; fileRef = C3161972296DF60600005CBC /* NetworkManager.swift */; };
		C3161975296DF7B500005CBC /* MainVM.swift in Sources */ = {isa = PBXBuildFile; fileRef = C3161974296DF7B500005CBC /* MainVM.swift */; };
		C3161977296DF7F000005CBC /* MainCoord.swift in Sources */ = {isa = PBXBuildFile; fileRef = C3161976296DF7F000005CBC /* MainCoord.swift */; };
		C3161979296DF88E00005CBC /* Storyboard.swift in Sources */ = {isa = PBXBuildFile; fileRef = C3161978296DF88E00005CBC /* Storyboard.swift */; };
		C372568B29716D2F0041E802 /* TableView+NibLoader.swift in Sources */ = {isa = PBXBuildFile; fileRef = C372568929716D2E0041E802 /* TableView+NibLoader.swift */; };
		C372568E29716D490041E802 /* Optional.swift in Sources */ = {isa = PBXBuildFile; fileRef = C372568D29716D490041E802 /* Optional.swift */; };
		C372569C29717F7A0041E802 /* Style.swift in Sources */ = {isa = PBXBuildFile; fileRef = C372569B29717F7A0041E802 /* Style.swift */; };
		C372569E2971A02A0041E802 /* Defines.swift in Sources */ = {isa = PBXBuildFile; fileRef = C372569D2971A02A0041E802 /* Defines.swift */; };
		C37256A12971A1ED0041E802 /* AlertService.swift in Sources */ = {isa = PBXBuildFile; fileRef = C37256A02971A1ED0041E802 /* AlertService.swift */; };
		C37256A52971AC990041E802 /* MessageCell.swift in Sources */ = {isa = PBXBuildFile; fileRef = C37256A32971AC990041E802 /* MessageCell.swift */; };
		C37256A62971AC990041E802 /* MessageCell.xib in Resources */ = {isa = PBXBuildFile; fileRef = C37256A42971AC990041E802 /* MessageCell.xib */; };
		C37256A92971AD040041E802 /* Message.swift in Sources */ = {isa = PBXBuildFile; fileRef = C37256A82971AD040041E802 /* Message.swift */; };
		C37B1589296F2725000177B8 /* InputTextView.swift in Sources */ = {isa = PBXBuildFile; fileRef = C37B1588296F2725000177B8 /* InputTextView.swift */; };
		C37B158B296F2853000177B8 /* UIView.swift in Sources */ = {isa = PBXBuildFile; fileRef = C37B158A296F2853000177B8 /* UIView.swift */; };
		C3981A72297045C400682E60 /* OpenAISwift in Frameworks */ = {isa = PBXBuildFile; productRef = C3981A71297045C400682E60 /* OpenAISwift */; };
		C3A4DCE8296F62150029C853 /* UITextView.swift in Sources */ = {isa = PBXBuildFile; fileRef = C3A4DCE7296F62150029C853 /* UITextView.swift */; };
		C3D04733296F63650084B51B /* Command.swift in Sources */ = {isa = PBXBuildFile; fileRef = C3D04732296F63650084B51B /* Command.swift */; };
/* End PBXBuildFile section */

/* Begin PBXFileReference section */
		C3161953296DF22D00005CBC /* ChatAI.app */ = {isa = PBXFileReference; explicitFileType = wrapper.application; includeInIndex = 0; path = ChatAI.app; sourceTree = BUILT_PRODUCTS_DIR; };
		C3161956296DF22D00005CBC /* AppDelegate.swift */ = {isa = PBXFileReference; lastKnownFileType = sourcecode.swift; path = AppDelegate.swift; sourceTree = "<group>"; };
		C316195A296DF22D00005CBC /* MainVC.swift */ = {isa = PBXFileReference; lastKnownFileType = sourcecode.swift; path = MainVC.swift; sourceTree = "<group>"; };
		C316195D296DF22D00005CBC /* Base */ = {isa = PBXFileReference; lastKnownFileType = file.storyboard; name = Base; path = Base.lproj/Main.storyboard; sourceTree = "<group>"; };
		C316195F296DF22F00005CBC /* Assets.xcassets */ = {isa = PBXFileReference; lastKnownFileType = folder.assetcatalog; path = Assets.xcassets; sourceTree = "<group>"; };
		C3161962296DF22F00005CBC /* Base */ = {isa = PBXFileReference; lastKnownFileType = file.storyboard; name = Base; path = Base.lproj/LaunchScreen.storyboard; sourceTree = "<group>"; };
		C3161964296DF22F00005CBC /* Info.plist */ = {isa = PBXFileReference; lastKnownFileType = text.plist.xml; path = Info.plist; sourceTree = "<group>"; };
		C3161972296DF60600005CBC /* NetworkManager.swift */ = {isa = PBXFileReference; lastKnownFileType = sourcecode.swift; path = NetworkManager.swift; sourceTree = "<group>"; };
		C3161974296DF7B500005CBC /* MainVM.swift */ = {isa = PBXFileReference; lastKnownFileType = sourcecode.swift; path = MainVM.swift; sourceTree = "<group>"; };
		C3161976296DF7F000005CBC /* MainCoord.swift */ = {isa = PBXFileReference; lastKnownFileType = sourcecode.swift; path = MainCoord.swift; sourceTree = "<group>"; };
		C3161978296DF88E00005CBC /* Storyboard.swift */ = {isa = PBXFileReference; fileEncoding = 4; lastKnownFileType = sourcecode.swift; path = Storyboard.swift; sourceTree = "<group>"; };
		C372568929716D2E0041E802 /* TableView+NibLoader.swift */ = {isa = PBXFileReference; fileEncoding = 4; lastKnownFileType = sourcecode.swift; path = "TableView+NibLoader.swift"; sourceTree = "<group>"; };
		C372568D29716D490041E802 /* Optional.swift */ = {isa = PBXFileReference; fileEncoding = 4; lastKnownFileType = sourcecode.swift; path = Optional.swift; sourceTree = "<group>"; };
		C372569B29717F7A0041E802 /* Style.swift */ = {isa = PBXFileReference; lastKnownFileType = sourcecode.swift; path = Style.swift; sourceTree = "<group>"; };
		C372569D2971A02A0041E802 /* Defines.swift */ = {isa = PBXFileReference; lastKnownFileType = sourcecode.swift; path = Defines.swift; sourceTree = "<group>"; };
		C37256A02971A1ED0041E802 /* AlertService.swift */ = {isa = PBXFileReference; lastKnownFileType = sourcecode.swift; path = AlertService.swift; sourceTree = "<group>"; };
		C37256A32971AC990041E802 /* MessageCell.swift */ = {isa = PBXFileReference; lastKnownFileType = sourcecode.swift; path = MessageCell.swift; sourceTree = "<group>"; };
		C37256A42971AC990041E802 /* MessageCell.xib */ = {isa = PBXFileReference; lastKnownFileType = file.xib; path = MessageCell.xib; sourceTree = "<group>"; };
		C37256A82971AD040041E802 /* Message.swift */ = {isa = PBXFileReference; lastKnownFileType = sourcecode.swift; path = Message.swift; sourceTree = "<group>"; };
		C37B1588296F2725000177B8 /* InputTextView.swift */ = {isa = PBXFileReference; lastKnownFileType = sourcecode.swift; path = InputTextView.swift; sourceTree = "<group>"; };
		C37B158A296F2853000177B8 /* UIView.swift */ = {isa = PBXFileReference; lastKnownFileType = sourcecode.swift; path = UIView.swift; sourceTree = "<group>"; };
		C3A4DCE7296F62150029C853 /* UITextView.swift */ = {isa = PBXFileReference; lastKnownFileType = sourcecode.swift; path = UITextView.swift; sourceTree = "<group>"; };
		C3D04732296F63650084B51B /* Command.swift */ = {isa = PBXFileReference; fileEncoding = 4; lastKnownFileType = sourcecode.swift; path = Command.swift; sourceTree = "<group>"; };
/* End PBXFileReference section */

/* Begin PBXFrameworksBuildPhase section */
		C3161950296DF22D00005CBC /* Frameworks */ = {
			isa = PBXFrameworksBuildPhase;
			buildActionMask = 2147483647;
			files = (
				C3981A72297045C400682E60 /* OpenAISwift in Frameworks */,
			);
			runOnlyForDeploymentPostprocessing = 0;
		};
/* End PBXFrameworksBuildPhase section */

/* Begin PBXGroup section */
		C316194A296DF22D00005CBC = {
			isa = PBXGroup;
			children = (
				C3161955296DF22D00005CBC /* ChatAI */,
				C3161954296DF22D00005CBC /* Products */,
			);
			sourceTree = "<group>";
		};
		C3161954296DF22D00005CBC /* Products */ = {
			isa = PBXGroup;
			children = (
				C3161953296DF22D00005CBC /* ChatAI.app */,
			);
			name = Products;
			sourceTree = "<group>";
		};
		C3161955296DF22D00005CBC /* ChatAI */ = {
			isa = PBXGroup;
			children = (
				C3161956296DF22D00005CBC /* AppDelegate.swift */,
				C3161971296DF5F700005CBC /* API */,
				CC22803029714B9800AD732D /* Cells */,
				C316196B296DF24A00005CBC /* Common */,
				C37256A72971ACFA0041E802 /* Models */,
				C3161970296DF47E00005CBC /* Resources */,
				C372569F2971A1DE0041E802 /* Services */,
				C316196A296DF23D00005CBC /* ViewController */,
				C37B1587296F2701000177B8 /* Views */,
			);
			path = ChatAI;
			sourceTree = "<group>";
		};
		C316196A296DF23D00005CBC /* ViewController */ = {
			isa = PBXGroup;
			children = (
				C3161976296DF7F000005CBC /* MainCoord.swift */,
				C3161974296DF7B500005CBC /* MainVM.swift */,
				C316195A296DF22D00005CBC /* MainVC.swift */,
				C316195C296DF22D00005CBC /* Main.storyboard */,
			);
			path = ViewController;
			sourceTree = "<group>";
		};
		C316196B296DF24A00005CBC /* Common */ = {
			isa = PBXGroup;
			children = (
				C372569D2971A02A0041E802 /* Defines.swift */,
				C316196C296DF24E00005CBC /* Extesions */,
			);
			path = Common;
			sourceTree = "<group>";
		};
		C316196C296DF24E00005CBC /* Extesions */ = {
			isa = PBXGroup;
			children = (
				C3D04732296F63650084B51B /* Command.swift */,
				C372568D29716D490041E802 /* Optional.swift */,
				C3161978296DF88E00005CBC /* Storyboard.swift */,
				C372568929716D2E0041E802 /* TableView+NibLoader.swift */,
				C3A4DCE7296F62150029C853 /* UITextView.swift */,
				C37B158A296F2853000177B8 /* UIView.swift */,
			);
			path = Extesions;
			sourceTree = "<group>";
		};
		C3161970296DF47E00005CBC /* Resources */ = {
			isa = PBXGroup;
			children = (
				C3161964296DF22F00005CBC /* Info.plist */,
				C316195F296DF22F00005CBC /* Assets.xcassets */,
				C3161961296DF22F00005CBC /* LaunchScreen.storyboard */,
				C372569B29717F7A0041E802 /* Style.swift */,
			);
			path = Resources;
			sourceTree = "<group>";
		};
		C3161971296DF5F700005CBC /* API */ = {
			isa = PBXGroup;
			children = (
				C3161972296DF60600005CBC /* NetworkManager.swift */,
			);
			path = API;
			sourceTree = "<group>";
		};
		C372569F2971A1DE0041E802 /* Services */ = {
			isa = PBXGroup;
			children = (
				C37256A02971A1ED0041E802 /* AlertService.swift */,
			);
			path = Services;
			sourceTree = "<group>";
		};
		C37256A22971AC820041E802 /* MessageCell */ = {
			isa = PBXGroup;
			children = (
				C37256A32971AC990041E802 /* MessageCell.swift */,
				C37256A42971AC990041E802 /* MessageCell.xib */,
			);
			path = MessageCell;
			sourceTree = "<group>";
		};
		C37256A72971ACFA0041E802 /* Models */ = {
			isa = PBXGroup;
			children = (
				C37256A82971AD040041E802 /* Message.swift */,
			);
			path = Models;
			sourceTree = "<group>";
		};
		C37B1587296F2701000177B8 /* Views */ = {
			isa = PBXGroup;
			children = (
				C37B1588296F2725000177B8 /* InputTextView.swift */,
			);
			path = Views;
			sourceTree = "<group>";
		};
		CC22803029714B9800AD732D /* Cells */ = {
			isa = PBXGroup;
			children = (
				C37256A22971AC820041E802 /* MessageCell */,
			);
			path = Cells;
			sourceTree = "<group>";
		};
/* End PBXGroup section */

/* Begin PBXNativeTarget section */
		C3161952296DF22D00005CBC /* ChatAI */ = {
			isa = PBXNativeTarget;
			buildConfigurationList = C3161967296DF22F00005CBC /* Build configuration list for PBXNativeTarget "ChatAI" */;
			buildPhases = (
				C316194F296DF22D00005CBC /* Sources */,
				C3161950296DF22D00005CBC /* Frameworks */,
				C3161951296DF22D00005CBC /* Resources */,
			);
			buildRules = (
			);
			dependencies = (
			);
			name = ChatAI;
			packageProductDependencies = (
				C3981A71297045C400682E60 /* OpenAISwift */,
			);
			productName = ChatAI;
			productReference = C3161953296DF22D00005CBC /* ChatAI.app */;
			productType = "com.apple.product-type.application";
		};
/* End PBXNativeTarget section */

/* Begin PBXProject section */
		C316194B296DF22D00005CBC /* Project object */ = {
			isa = PBXProject;
			attributes = {
				BuildIndependentTargetsInParallel = 1;
				LastSwiftUpdateCheck = 1400;
				LastUpgradeCheck = 1400;
				TargetAttributes = {
					C3161952296DF22D00005CBC = {
						CreatedOnToolsVersion = 14.0;
					};
				};
			};
			buildConfigurationList = C316194E296DF22D00005CBC /* Build configuration list for PBXProject "ChatAI" */;
			compatibilityVersion = "Xcode 14.0";
			developmentRegion = en;
			hasScannedForEncodings = 0;
			knownRegions = (
				en,
				Base,
			);
			mainGroup = C316194A296DF22D00005CBC;
			packageReferences = (
				C3981A70297045C400682E60 /* XCRemoteSwiftPackageReference "OpenAISwift" */,
			);
			productRefGroup = C3161954296DF22D00005CBC /* Products */;
			projectDirPath = "";
			projectRoot = "";
			targets = (
				C3161952296DF22D00005CBC /* ChatAI */,
			);
		};
/* End PBXProject section */

/* Begin PBXResourcesBuildPhase section */
		C3161951296DF22D00005CBC /* Resources */ = {
			isa = PBXResourcesBuildPhase;
			buildActionMask = 2147483647;
			files = (
				C3161963296DF22F00005CBC /* LaunchScreen.storyboard in Resources */,
				C37256A62971AC990041E802 /* MessageCell.xib in Resources */,
				C3161960296DF22F00005CBC /* Assets.xcassets in Resources */,
				C316195E296DF22D00005CBC /* Main.storyboard in Resources */,
			);
			runOnlyForDeploymentPostprocessing = 0;
		};
/* End PBXResourcesBuildPhase section */

/* Begin PBXSourcesBuildPhase section */
		C316194F296DF22D00005CBC /* Sources */ = {
			isa = PBXSourcesBuildPhase;
			buildActionMask = 2147483647;
			files = (
				C37B158B296F2853000177B8 /* UIView.swift in Sources */,
				C37B1589296F2725000177B8 /* InputTextView.swift in Sources */,
				C3161973296DF60600005CBC /* NetworkManager.swift in Sources */,
				C3D04733296F63650084B51B /* Command.swift in Sources */,
				C372569C29717F7A0041E802 /* Style.swift in Sources */,
				C316195B296DF22D00005CBC /* MainVC.swift in Sources */,
				C372569E2971A02A0041E802 /* Defines.swift in Sources */,
				C37256A92971AD040041E802 /* Message.swift in Sources */,
				C372568E29716D490041E802 /* Optional.swift in Sources */,
				C3A4DCE8296F62150029C853 /* UITextView.swift in Sources */,
				C3161977296DF7F000005CBC /* MainCoord.swift in Sources */,
				C372568B29716D2F0041E802 /* TableView+NibLoader.swift in Sources */,
				C37256A12971A1ED0041E802 /* AlertService.swift in Sources */,
				C3161957296DF22D00005CBC /* AppDelegate.swift in Sources */,
				C3161979296DF88E00005CBC /* Storyboard.swift in Sources */,
				C3161975296DF7B500005CBC /* MainVM.swift in Sources */,
				C37256A52971AC990041E802 /* MessageCell.swift in Sources */,
			);
			runOnlyForDeploymentPostprocessing = 0;
		};
/* End PBXSourcesBuildPhase section */

/* Begin PBXVariantGroup section */
		C316195C296DF22D00005CBC /* Main.storyboard */ = {
			isa = PBXVariantGroup;
			children = (
				C316195D296DF22D00005CBC /* Base */,
			);
			name = Main.storyboard;
			sourceTree = "<group>";
		};
		C3161961296DF22F00005CBC /* LaunchScreen.storyboard */ = {
			isa = PBXVariantGroup;
			children = (
				C3161962296DF22F00005CBC /* Base */,
			);
			name = LaunchScreen.storyboard;
			sourceTree = "<group>";
		};
/* End PBXVariantGroup section */

/* Begin XCBuildConfiguration section */
		C3161965296DF22F00005CBC /* Debug */ = {
			isa = XCBuildConfiguration;
			buildSettings = {
				ALWAYS_SEARCH_USER_PATHS = NO;
				CLANG_ANALYZER_NONNULL = YES;
				CLANG_ANALYZER_NUMBER_OBJECT_CONVERSION = YES_AGGRESSIVE;
				CLANG_CXX_LANGUAGE_STANDARD = "gnu++20";
				CLANG_ENABLE_MODULES = YES;
				CLANG_ENABLE_OBJC_ARC = YES;
				CLANG_ENABLE_OBJC_WEAK = YES;
				CLANG_WARN_BLOCK_CAPTURE_AUTORELEASING = YES;
				CLANG_WARN_BOOL_CONVERSION = YES;
				CLANG_WARN_COMMA = YES;
				CLANG_WARN_CONSTANT_CONVERSION = YES;
				CLANG_WARN_DEPRECATED_OBJC_IMPLEMENTATIONS = YES;
				CLANG_WARN_DIRECT_OBJC_ISA_USAGE = YES_ERROR;
				CLANG_WARN_DOCUMENTATION_COMMENTS = YES;
				CLANG_WARN_EMPTY_BODY = YES;
				CLANG_WARN_ENUM_CONVERSION = YES;
				CLANG_WARN_INFINITE_RECURSION = YES;
				CLANG_WARN_INT_CONVERSION = YES;
				CLANG_WARN_NON_LITERAL_NULL_CONVERSION = YES;
				CLANG_WARN_OBJC_IMPLICIT_RETAIN_SELF = YES;
				CLANG_WARN_OBJC_LITERAL_CONVERSION = YES;
				CLANG_WARN_OBJC_ROOT_CLASS = YES_ERROR;
				CLANG_WARN_QUOTED_INCLUDE_IN_FRAMEWORK_HEADER = YES;
				CLANG_WARN_RANGE_LOOP_ANALYSIS = YES;
				CLANG_WARN_STRICT_PROTOTYPES = YES;
				CLANG_WARN_SUSPICIOUS_MOVE = YES;
				CLANG_WARN_UNGUARDED_AVAILABILITY = YES_AGGRESSIVE;
				CLANG_WARN_UNREACHABLE_CODE = YES;
				CLANG_WARN__DUPLICATE_METHOD_MATCH = YES;
				COPY_PHASE_STRIP = NO;
				DEBUG_INFORMATION_FORMAT = dwarf;
				ENABLE_STRICT_OBJC_MSGSEND = YES;
				ENABLE_TESTABILITY = YES;
				GCC_C_LANGUAGE_STANDARD = gnu11;
				GCC_DYNAMIC_NO_PIC = NO;
				GCC_NO_COMMON_BLOCKS = YES;
				GCC_OPTIMIZATION_LEVEL = 0;
				GCC_PREPROCESSOR_DEFINITIONS = (
					"DEBUG=1",
					"$(inherited)",
				);
				GCC_WARN_64_TO_32_BIT_CONVERSION = YES;
				GCC_WARN_ABOUT_RETURN_TYPE = YES_ERROR;
				GCC_WARN_UNDECLARED_SELECTOR = YES;
				GCC_WARN_UNINITIALIZED_AUTOS = YES_AGGRESSIVE;
				GCC_WARN_UNUSED_FUNCTION = YES;
				GCC_WARN_UNUSED_VARIABLE = YES;
				INFOPLIST_FILE = ChatAI/Resources/Info.plist;
				IPHONEOS_DEPLOYMENT_TARGET = 16.0;
				MTL_ENABLE_DEBUG_INFO = INCLUDE_SOURCE;
				MTL_FAST_MATH = YES;
				ONLY_ACTIVE_ARCH = YES;
				SDKROOT = iphoneos;
				SWIFT_ACTIVE_COMPILATION_CONDITIONS = DEBUG;
				SWIFT_OPTIMIZATION_LEVEL = "-Onone";
			};
			name = Debug;
		};
		C3161966296DF22F00005CBC /* Release */ = {
			isa = XCBuildConfiguration;
			buildSettings = {
				ALWAYS_SEARCH_USER_PATHS = NO;
				CLANG_ANALYZER_NONNULL = YES;
				CLANG_ANALYZER_NUMBER_OBJECT_CONVERSION = YES_AGGRESSIVE;
				CLANG_CXX_LANGUAGE_STANDARD = "gnu++20";
				CLANG_ENABLE_MODULES = YES;
				CLANG_ENABLE_OBJC_ARC = YES;
				CLANG_ENABLE_OBJC_WEAK = YES;
				CLANG_WARN_BLOCK_CAPTURE_AUTORELEASING = YES;
				CLANG_WARN_BOOL_CONVERSION = YES;
				CLANG_WARN_COMMA = YES;
				CLANG_WARN_CONSTANT_CONVERSION = YES;
				CLANG_WARN_DEPRECATED_OBJC_IMPLEMENTATIONS = YES;
				CLANG_WARN_DIRECT_OBJC_ISA_USAGE = YES_ERROR;
				CLANG_WARN_DOCUMENTATION_COMMENTS = YES;
				CLANG_WARN_EMPTY_BODY = YES;
				CLANG_WARN_ENUM_CONVERSION = YES;
				CLANG_WARN_INFINITE_RECURSION = YES;
				CLANG_WARN_INT_CONVERSION = YES;
				CLANG_WARN_NON_LITERAL_NULL_CONVERSION = YES;
				CLANG_WARN_OBJC_IMPLICIT_RETAIN_SELF = YES;
				CLANG_WARN_OBJC_LITERAL_CONVERSION = YES;
				CLANG_WARN_OBJC_ROOT_CLASS = YES_ERROR;
				CLANG_WARN_QUOTED_INCLUDE_IN_FRAMEWORK_HEADER = YES;
				CLANG_WARN_RANGE_LOOP_ANALYSIS = YES;
				CLANG_WARN_STRICT_PROTOTYPES = YES;
				CLANG_WARN_SUSPICIOUS_MOVE = YES;
				CLANG_WARN_UNGUARDED_AVAILABILITY = YES_AGGRESSIVE;
				CLANG_WARN_UNREACHABLE_CODE = YES;
				CLANG_WARN__DUPLICATE_METHOD_MATCH = YES;
				COPY_PHASE_STRIP = NO;
				DEBUG_INFORMATION_FORMAT = "dwarf-with-dsym";
				ENABLE_NS_ASSERTIONS = NO;
				ENABLE_STRICT_OBJC_MSGSEND = YES;
				GCC_C_LANGUAGE_STANDARD = gnu11;
				GCC_NO_COMMON_BLOCKS = YES;
				GCC_WARN_64_TO_32_BIT_CONVERSION = YES;
				GCC_WARN_ABOUT_RETURN_TYPE = YES_ERROR;
				GCC_WARN_UNDECLARED_SELECTOR = YES;
				GCC_WARN_UNINITIALIZED_AUTOS = YES_AGGRESSIVE;
				GCC_WARN_UNUSED_FUNCTION = YES;
				GCC_WARN_UNUSED_VARIABLE = YES;
				INFOPLIST_FILE = ChatAI/Resources/Info.plist;
				IPHONEOS_DEPLOYMENT_TARGET = 16.0;
				MTL_ENABLE_DEBUG_INFO = NO;
				MTL_FAST_MATH = YES;
				SDKROOT = iphoneos;
				SWIFT_COMPILATION_MODE = wholemodule;
				SWIFT_OPTIMIZATION_LEVEL = "-O";
				VALIDATE_PRODUCT = YES;
			};
			name = Release;
		};
		C3161968296DF22F00005CBC /* Debug */ = {
			isa = XCBuildConfiguration;
			buildSettings = {
				ASSETCATALOG_COMPILER_APPICON_NAME = AppIcon;
				ASSETCATALOG_COMPILER_GLOBAL_ACCENT_COLOR_NAME = AccentColor;
				CODE_SIGN_STYLE = Automatic;
				CURRENT_PROJECT_VERSION = 1;
				DEVELOPMENT_TEAM = FY5CLFVH64;
				GENERATE_INFOPLIST_FILE = YES;
				INFOPLIST_FILE = ChatAI/Resources/Info.plist;
				INFOPLIST_KEY_UIApplicationSupportsIndirectInputEvents = YES;
				INFOPLIST_KEY_UILaunchStoryboardName = LaunchScreen;
				INFOPLIST_KEY_UIMainStoryboardFile = "";
				INFOPLIST_KEY_UIStatusBarStyle = "";
				INFOPLIST_KEY_UISupportedInterfaceOrientations = UIInterfaceOrientationPortrait;
				LD_RUNPATH_SEARCH_PATHS = (
					"$(inherited)",
					"@executable_path/Frameworks",
				);
				MARKETING_VERSION = 1.0;
				PRODUCT_BUNDLE_IDENTIFIER = pavel.sharkov.ChatAI.com.ChatAI;
				PRODUCT_NAME = "$(TARGET_NAME)";
				SUPPORTED_PLATFORMS = "iphoneos iphonesimulator";
				SUPPORTS_MACCATALYST = NO;
				SUPPORTS_MAC_DESIGNED_FOR_IPHONE_IPAD = NO;
				SWIFT_EMIT_LOC_STRINGS = YES;
				SWIFT_VERSION = 5.0;
				TARGETED_DEVICE_FAMILY = 1;
			};
			name = Debug;
		};
		C3161969296DF22F00005CBC /* Release */ = {
			isa = XCBuildConfiguration;
			buildSettings = {
				ASSETCATALOG_COMPILER_APPICON_NAME = AppIcon;
				ASSETCATALOG_COMPILER_GLOBAL_ACCENT_COLOR_NAME = AccentColor;
				CODE_SIGN_STYLE = Automatic;
				CURRENT_PROJECT_VERSION = 1;
				DEVELOPMENT_TEAM = FY5CLFVH64;
				GENERATE_INFOPLIST_FILE = YES;
				INFOPLIST_FILE = ChatAI/Resources/Info.plist;
				INFOPLIST_KEY_UIApplicationSupportsIndirectInputEvents = YES;
				INFOPLIST_KEY_UILaunchStoryboardName = LaunchScreen;
				INFOPLIST_KEY_UIMainStoryboardFile = "";
				INFOPLIST_KEY_UIStatusBarStyle = "";
				INFOPLIST_KEY_UISupportedInterfaceOrientations = UIInterfaceOrientationPortrait;
				LD_RUNPATH_SEARCH_PATHS = (
					"$(inherited)",
					"@executable_path/Frameworks",
				);
				MARKETING_VERSION = 1.0;
				PRODUCT_BUNDLE_IDENTIFIER = pavel.sharkov.ChatAI.com.ChatAI;
				PRODUCT_NAME = "$(TARGET_NAME)";
				SUPPORTED_PLATFORMS = "iphoneos iphonesimulator";
				SUPPORTS_MACCATALYST = NO;
				SUPPORTS_MAC_DESIGNED_FOR_IPHONE_IPAD = NO;
				SWIFT_EMIT_LOC_STRINGS = YES;
				SWIFT_VERSION = 5.0;
				TARGETED_DEVICE_FAMILY = 1;
			};
			name = Release;
		};
/* End XCBuildConfiguration section */

/* Begin XCConfigurationList section */
		C316194E296DF22D00005CBC /* Build configuration list for PBXProject "ChatAI" */ = {
			isa = XCConfigurationList;
			buildConfigurations = (
				C3161965296DF22F00005CBC /* Debug */,
				C3161966296DF22F00005CBC /* Release */,
			);
			defaultConfigurationIsVisible = 0;
			defaultConfigurationName = Release;
		};
		C3161967296DF22F00005CBC /* Build configuration list for PBXNativeTarget "ChatAI" */ = {
			isa = XCConfigurationList;
			buildConfigurations = (
				C3161968296DF22F00005CBC /* Debug */,
				C3161969296DF22F00005CBC /* Release */,
			);
			defaultConfigurationIsVisible = 0;
			defaultConfigurationName = Release;
		};
/* End XCConfigurationList section */

/* Begin XCRemoteSwiftPackageReference section */
		C3981A70297045C400682E60 /* XCRemoteSwiftPackageReference "OpenAISwift" */ = {
			isa = XCRemoteSwiftPackageReference;
			repositoryURL = "https://github.com/adamrushy/OpenAISwift";
			requirement = {
				kind = upToNextMinorVersion;
				minimumVersion = 1.1.0;
			};
		};
/* End XCRemoteSwiftPackageReference section */

/* Begin XCSwiftPackageProductDependency section */
		C3981A71297045C400682E60 /* OpenAISwift */ = {
			isa = XCSwiftPackageProductDependency;
			package = C3981A70297045C400682E60 /* XCRemoteSwiftPackageReference "OpenAISwift" */;
			productName = OpenAISwift;
		};
/* End XCSwiftPackageProductDependency section */
	};
	rootObject = C316194B296DF22D00005CBC /* Project object */;
}
