{
  "pins" : [
    {
      "identity" : "iqkeyboardmanager",
      "kind" : "remoteSourceControl",
      "location" : "https://github.com/hackiftekhar/IQKeyboardManager",
      "state" : {
        "revision" : "1e442766a41e2948df25559eb03ab752c6d3aad0",
        "version" : "6.5.0"
      }
    },
    {
      "identity" : "openaiswift",
      "kind" : "remoteSourceControl",
      "location" : "https://github.com/adamrushy/OpenAISwift",
      "state" : {
        "revision" : "ed0c6f2dacbac4b3f4028751ed10fcfbf71a8a1d",
        "version" : "1.1.1"
      }
    }
  ],
  "version" : 2
}
